
Microsoft Visual Studio Solution File, Format Version 12.00
# Visual Studio Version 17
VisualStudioVersion = 17.9.34728.123
MinimumVisualStudioVersion = 10.0.40219.1
Project("{FAE04EC0-301F-11D3-BF4B-00C04F79EFBC}") = "ProjectJwtAndIdentity", "ProjectJwtAndIdentity\ProjectJwtAndIdentity.csproj", "{E6D18578-70EF-431A-86C8-36BBCE2AEDE0}"
EndProject
Global
	GlobalSection(SolutionConfigurationPlatforms) = preSolution
		Debug|Any CPU = Debug|Any CPU
		Release|Any CPU = Release|Any CPU
	EndGlobalSection
	GlobalSection(ProjectConfigurationPlatforms) = postSolution
		{E6D18578-70EF-431A-86C8-36BBCE2AEDE0}.Debug|Any CPU.ActiveCfg = Debug|Any CPU
		{E6D18578-70EF-431A-86C8-36BBCE2AEDE0}.Debug|Any CPU.Build.0 = Debug|Any CPU
		{E6D18578-70EF-431A-86C8-36BBCE2AEDE0}.Release|Any CPU.ActiveCfg = Release|Any CPU
		{E6D18578-70EF-431A-86C8-36BBCE2AEDE0}.Release|Any CPU.Build.0 = Release|Any CPU
	EndGlobalSection
	GlobalSection(SolutionProperties) = preSolution
		HideSolutionNode = FALSE
	EndGlobalSection
	GlobalSection(ExtensibilityGlobals) = postSolution
		SolutionGuid = {620E4768-696B-4517-BD0B-9F483F7ACC7C}
	EndGlobalSection
EndGlobal
